
Microsoft Visual Studio Solution File, Format Version 12.00
# Visual Studio 15
VisualStudioVersion = 15.0.27428.2043
MinimumVisualStudioVersion = 10.0.40219.1
Project("{FAE04EC0-301F-11D3-BF4B-00C04F79EFBC}") = "Atiran.CustomDocking", "Atiran.CustomDocking\Atiran.CustomDocking.csproj", "{1A79F15F-C892-46C7-BC26-79D2B6A0233B}"
EndProject
Global
	GlobalSection(SolutionConfigurationPlatforms) = preSolution
		Debug|Any CPU = Debug|Any CPU
		Release|Any CPU = Release|Any CPU
	EndGlobalSection
	GlobalSection(ProjectConfigurationPlatforms) = postSolution
		{1A79F15F-C892-46C7-BC26-79D2B6A0233B}.Debug|Any CPU.ActiveCfg = Debug|Any CPU
		{1A79F15F-C892-46C7-BC26-79D2B6A0233B}.Debug|Any CPU.Build.0 = Debug|Any CPU
		{1A79F15F-C892-46C7-BC26-79D2B6A0233B}.Release|Any CPU.ActiveCfg = Release|Any CPU
		{1A79F15F-C892-46C7-BC26-79D2B6A0233B}.Release|Any CPU.Build.0 = Release|Any CPU
	EndGlobalSection
	GlobalSection(SolutionProperties) = preSolution
		HideSolutionNode = FALSE
	EndGlobalSection
	GlobalSection(ExtensibilityGlobals) = postSolution
		SolutionGuid = {A9B3D467-9858-4A74-ABF5-4D1F28A40F05}
	EndGlobalSection
EndGlobal
